
Microsoft Visual Studio Solution File, Format Version 12.00
# Visual Studio Version 16
VisualStudioVersion = 16.0.31911.196
MinimumVisualStudioVersion = 10.0.40219.1
Project("{9A19103F-16F7-4668-BE54-9A1E7A4F7556}") = "Microsoft.Bookings.Client", "src\Microsoft.Bookings.Client\Microsoft.Bookings.Client.csproj", "{972EAF05-2ACF-4659-A1CA-063AC0855831}"
EndProject
Project("{9A19103F-16F7-4668-BE54-9A1E7A4F7556}") = "BookingsSampleNativeConsole", "src\BookingsSampleNativeConsole\BookingsSampleNativeConsole.csproj", "{5300DAD7-BB92-4ED1-9043-BF36478D2938}"
EndProject
Global
	GlobalSection(SolutionConfigurationPlatforms) = preSolution
		Debug|Any CPU = Debug|Any CPU
		Release|Any CPU = Release|Any CPU
	EndGlobalSection
	GlobalSection(ProjectConfigurationPlatforms) = postSolution
		{972EAF05-2ACF-4659-A1CA-063AC0855831}.Debug|Any CPU.ActiveCfg = Debug|Any CPU
		{972EAF05-2ACF-4659-A1CA-063AC0855831}.Debug|Any CPU.Build.0 = Debug|Any CPU
		{972EAF05-2ACF-4659-A1CA-063AC0855831}.Release|Any CPU.ActiveCfg = Release|Any CPU
		{972EAF05-2ACF-4659-A1CA-063AC0855831}.Release|Any CPU.Build.0 = Release|Any CPU
		{5300DAD7-BB92-4ED1-9043-BF36478D2938}.Debug|Any CPU.ActiveCfg = Debug|Any CPU
		{5300DAD7-BB92-4ED1-9043-BF36478D2938}.Debug|Any CPU.Build.0 = Debug|Any CPU
		{5300DAD7-BB92-4ED1-9043-BF36478D2938}.Release|Any CPU.ActiveCfg = Release|Any CPU
		{5300DAD7-BB92-4ED1-9043-BF36478D2938}.Release|Any CPU.Build.0 = Release|Any CPU
	EndGlobalSection
	GlobalSection(SolutionProperties) = preSolution
		HideSolutionNode = FALSE
	EndGlobalSection
	GlobalSection(ExtensibilityGlobals) = postSolution
		SolutionGuid = {AFDBBDAC-F505-4C39-A442-9BE065533E96}
	EndGlobalSection
EndGlobal
